
Microsoft Visual Studio Solution File, Format Version 12.00
# Visual Studio Version 16
VisualStudioVersion = 16.0.30804.86
MinimumVisualStudioVersion = 10.0.40219.1
Project("{F2A71F9B-5D33-465A-A702-920D77279786}") = "ConsoleApp1", "ConsoleApp1\ConsoleApp1.fsproj", "{CC41AB72-1381-491E-AD6B-F44A00854046}"
EndProject
Global
	GlobalSection(SolutionConfigurationPlatforms) = preSolution
		Debug|Any CPU = Debug|Any CPU
		Release|Any CPU = Release|Any CPU
	EndGlobalSection
	GlobalSection(ProjectConfigurationPlatforms) = postSolution
		{CC41AB72-1381-491E-AD6B-F44A00854046}.Debug|Any CPU.ActiveCfg = Debug|Any CPU
		{CC41AB72-1381-491E-AD6B-F44A00854046}.Debug|Any CPU.Build.0 = Debug|Any CPU
		{CC41AB72-1381-491E-AD6B-F44A00854046}.Release|Any CPU.ActiveCfg = Release|Any CPU
		{CC41AB72-1381-491E-AD6B-F44A00854046}.Release|Any CPU.Build.0 = Release|Any CPU
	EndGlobalSection
	GlobalSection(SolutionProperties) = preSolution
		HideSolutionNode = FALSE
	EndGlobalSection
	GlobalSection(ExtensibilityGlobals) = postSolution
		SolutionGuid = {4CE67D5A-F789-4101-9D54-9DE7026ABD39}
	EndGlobalSection
EndGlobal
